
Microsoft Visual Studio Solution File, Format Version 12.00
# Visual Studio 15
VisualStudioVersion = 15.0.28307.168
MinimumVisualStudioVersion = 10.0.40219.1
Project("{2150E333-8FDC-42A3-9474-1A3956D46DE8}") = "src", "src", "{A3B1A11B-668D-4679-B46D-549CD8861E5B}"
EndProject
Project("{FAE04EC0-301F-11D3-BF4B-00C04F79EFBC}") = "Domain", "Domain\Domain.csproj", "{8428ADD8-F65F-4CC1-AADC-87AAB4975908}"
EndProject
Project("{FAE04EC0-301F-11D3-BF4B-00C04F79EFBC}") = "Repository", "Repository\Repository.csproj", "{9FE6C422-32E7-466A-A7E8-8B66DBB91A58}"
EndProject
Project("{FAE04EC0-301F-11D3-BF4B-00C04F79EFBC}") = "ApiServices", "ApiServices\ApiServices.csproj", "{576AC5CA-91F5-4016-8C36-2169A41E03D8}"
EndProject
Project("{FAE04EC0-301F-11D3-BF4B-00C04F79EFBC}") = "Api", "Api\Api.csproj", "{737EF1B9-F345-4532-833D-FC7C5350B4A7}"
EndProject
Global
	GlobalSection(SolutionConfigurationPlatforms) = preSolution
		Debug|Any CPU = Debug|Any CPU
		Release|Any CPU = Release|Any CPU
	EndGlobalSection
	GlobalSection(ProjectConfigurationPlatforms) = postSolution
		{8428ADD8-F65F-4CC1-AADC-87AAB4975908}.Debug|Any CPU.ActiveCfg = Debug|Any CPU
		{8428ADD8-F65F-4CC1-AADC-87AAB4975908}.Debug|Any CPU.Build.0 = Debug|Any CPU
		{8428ADD8-F65F-4CC1-AADC-87AAB4975908}.Release|Any CPU.ActiveCfg = Release|Any CPU
		{8428ADD8-F65F-4CC1-AADC-87AAB4975908}.Release|Any CPU.Build.0 = Release|Any CPU
		{9FE6C422-32E7-466A-A7E8-8B66DBB91A58}.Debug|Any CPU.ActiveCfg = Debug|Any CPU
		{9FE6C422-32E7-466A-A7E8-8B66DBB91A58}.Debug|Any CPU.Build.0 = Debug|Any CPU
		{9FE6C422-32E7-466A-A7E8-8B66DBB91A58}.Release|Any CPU.ActiveCfg = Release|Any CPU
		{9FE6C422-32E7-466A-A7E8-8B66DBB91A58}.Release|Any CPU.Build.0 = Release|Any CPU
		{576AC5CA-91F5-4016-8C36-2169A41E03D8}.Debug|Any CPU.ActiveCfg = Debug|Any CPU
		{576AC5CA-91F5-4016-8C36-2169A41E03D8}.Debug|Any CPU.Build.0 = Debug|Any CPU
		{576AC5CA-91F5-4016-8C36-2169A41E03D8}.Release|Any CPU.ActiveCfg = Release|Any CPU
		{576AC5CA-91F5-4016-8C36-2169A41E03D8}.Release|Any CPU.Build.0 = Release|Any CPU
		{737EF1B9-F345-4532-833D-FC7C5350B4A7}.Debug|Any CPU.ActiveCfg = Debug|Any CPU
		{737EF1B9-F345-4532-833D-FC7C5350B4A7}.Debug|Any CPU.Build.0 = Debug|Any CPU
		{737EF1B9-F345-4532-833D-FC7C5350B4A7}.Release|Any CPU.ActiveCfg = Release|Any CPU
		{737EF1B9-F345-4532-833D-FC7C5350B4A7}.Release|Any CPU.Build.0 = Release|Any CPU
	EndGlobalSection
	GlobalSection(SolutionProperties) = preSolution
		HideSolutionNode = FALSE
	EndGlobalSection
	GlobalSection(NestedProjects) = preSolution
		{8428ADD8-F65F-4CC1-AADC-87AAB4975908} = {A3B1A11B-668D-4679-B46D-549CD8861E5B}
		{9FE6C422-32E7-466A-A7E8-8B66DBB91A58} = {A3B1A11B-668D-4679-B46D-549CD8861E5B}
		{576AC5CA-91F5-4016-8C36-2169A41E03D8} = {A3B1A11B-668D-4679-B46D-549CD8861E5B}
		{737EF1B9-F345-4532-833D-FC7C5350B4A7} = {A3B1A11B-668D-4679-B46D-549CD8861E5B}
	EndGlobalSection
	GlobalSection(ExtensibilityGlobals) = postSolution
		SolutionGuid = {64B437D5-9CC7-406E-8781-FC2A6BA9AF39}
	EndGlobalSection
EndGlobal
